Microsoft Visual Studio Solution File, Format Version 12.00
# Visual Studio Version 17
VisualStudioVersion = 17.5.2.0
MinimumVisualStudioVersion = 10.0.40219.1
Project("{FAE04EC0-301F-11D3-BF4B-00C04F79EFBC}") = "Todo.Api", "Todo.Api\Todo.Api.csproj", "{B9C05F0A-BCF0-FE33-BA92-C61650F69036}"
EndProject
Global
	GlobalSection(SolutionConfigurationPlatforms) = preSolution
		Debug|Any CPU = Debug|Any CPU
		Release|Any CPU = Release|Any CPU
	EndGlobalSection
	GlobalSection(ProjectConfigurationPlatforms) = postSolution
		{B9C05F0A-BCF0-FE33-BA92-C61650F69036}.Debug|Any CPU.ActiveCfg = Debug|Any CPU
		{B9C05F0A-BCF0-FE33-BA92-C61650F69036}.Debug|Any CPU.Build.0 = Debug|Any CPU
		{B9C05F0A-BCF0-FE33-BA92-C61650F69036}.Release|Any CPU.ActiveCfg = Release|Any CPU
		{B9C05F0A-BCF0-FE33-BA92-C61650F69036}.Release|Any CPU.Build.0 = Release|Any CPU
	EndGlobalSection
	GlobalSection(SolutionProperties) = preSolution
		HideSolutionNode = FALSE
	EndGlobalSection
	GlobalSection(ExtensibilityGlobals) = postSolution
		SolutionGuid = {3E34D5E6-AC5B-4D02-91B4-8DAD7806DCE7}
	EndGlobalSection
EndGlobal
